
Microsoft Visual Studio Solution File, Format Version 12.00
# Visual Studio 2012
Project("{FAE04EC0-301F-11D3-BF4B-00C04F79EFBC}") = "lab6", "lab6\lab6.csproj", "{A8F305C7-1503-4E96-A45C-6B34FBE11EBE}"
EndProject
Global
	GlobalSection(SolutionConfigurationPlatforms) = preSolution
		Debug|x86 = Debug|x86
		Release|x86 = Release|x86
	EndGlobalSection
	GlobalSection(ProjectConfigurationPlatforms) = postSolution
		{A8F305C7-1503-4E96-A45C-6B34FBE11EBE}.Debug|x86.ActiveCfg = Debug|x86
		{A8F305C7-1503-4E96-A45C-6B34FBE11EBE}.Debug|x86.Build.0 = Debug|x86
		{A8F305C7-1503-4E96-A45C-6B34FBE11EBE}.Release|x86.ActiveCfg = Release|x86
		{A8F305C7-1503-4E96-A45C-6B34FBE11EBE}.Release|x86.Build.0 = Release|x86
	EndGlobalSection
EndGlobal
